
Microsoft Visual Studio Solution File, Format Version 10.00
# Visual Studio 2008
Project("{FAE04EC0-301F-11D3-BF4B-00C04F79EFBC}") = "ELGamal(C-Sharp)", "ELGamal(C-Sharp)\ELGamal(C-Sharp).csproj", "{E14840EC-7B9B-40BD-BBA6-FEDA5509B99E}"
EndProject
Global
	GlobalSection(SolutionConfigurationPlatforms) = preSolution
		Debug|Any CPU = Debug|Any CPU
		Release|Any CPU = Release|Any CPU
	EndGlobalSection
	GlobalSection(ProjectConfigurationPlatforms) = postSolution
		{E14840EC-7B9B-40BD-BBA6-FEDA5509B99E}.Debug|Any CPU.ActiveCfg = Debug|Any CPU
		{E14840EC-7B9B-40BD-BBA6-FEDA5509B99E}.Debug|Any CPU.Build.0 = Debug|Any CPU
		{E14840EC-7B9B-40BD-BBA6-FEDA5509B99E}.Release|Any CPU.ActiveCfg = Release|Any CPU
		{E14840EC-7B9B-40BD-BBA6-FEDA5509B99E}.Release|Any CPU.Build.0 = Release|Any CPU
	EndGlobalSection
	GlobalSection(SolutionProperties) = preSolution
		HideSolutionNode = FALSE
	EndGlobalSection
EndGlobal
